
Microsoft Visual Studio Solution File, Format Version 12.00
# Visual Studio 15
VisualStudioVersion = 15.0.28307.902
MinimumVisualStudioVersion = 10.0.40219.1
Project("{FAE04EC0-301F-11D3-BF4B-00C04F79EFBC}") = "RPGMasterTools", "RPGMasterTools.csproj", "{1267E819-CEA3-4866-9230-97ED773E5709}"
EndProject
Global
	GlobalSection(SolutionConfigurationPlatforms) = preSolution
		Debug|Any CPU = Debug|Any CPU
		Release|Any CPU = Release|Any CPU
	EndGlobalSection
	GlobalSection(ProjectConfigurationPlatforms) = postSolution
		{1267E819-CEA3-4866-9230-97ED773E5709}.Debug|Any CPU.ActiveCfg = Debug|Any CPU
		{1267E819-CEA3-4866-9230-97ED773E5709}.Debug|Any CPU.Build.0 = Debug|Any CPU
		{1267E819-CEA3-4866-9230-97ED773E5709}.Release|Any CPU.ActiveCfg = Release|Any CPU
		{1267E819-CEA3-4866-9230-97ED773E5709}.Release|Any CPU.Build.0 = Release|Any CPU
	EndGlobalSection
	GlobalSection(SolutionProperties) = preSolution
		HideSolutionNode = FALSE
	EndGlobalSection
	GlobalSection(ExtensibilityGlobals) = postSolution
		SolutionGuid = {AFDF3C47-CCF2-42FF-802B-9C8EDF66614B}
	EndGlobalSection
EndGlobal
